
Microsoft Visual Studio Solution File, Format Version 12.00
Project("{FAE04EC0-301F-11D3-BF4B-00C04F79EFBC}") = "MyExpression.Core", "MyExpression.Core\MyExpression.Core.csproj", "{C71DB3A3-E50D-49C5-B08F-64C458FD4FCC}"
EndProject
Project("{FAE04EC0-301F-11D3-BF4B-00C04F79EFBC}") = "MyExpression.Core.Tests", "MyExpression.Core.Tests\MyExpression.Core.Tests.csproj", "{114B27C1-EF3B-475D-BD0C-6EEEDF3C6685}"
EndProject
Project("{FAE04EC0-301F-11D3-BF4B-00C04F79EFBC}") = "MyExpression.Wpf", "MyExpression.Wpf\MyExpression.Wpf.csproj", "{5D4ABA1B-FDCE-4137-974B-C704EE00B435}"
EndProject
Project("{FAE04EC0-301F-11D3-BF4B-00C04F79EFBC}") = "MyExpression.Console", "MyExpression.Console\MyExpression.Console.csproj", "{64736F26-F5DE-4F3A-B58A-CCCC88151CD0}"
EndProject
Project("{F2A71F9B-5D33-465A-A702-920D77279786}") = "MyExpression.FSharp.Core", "MyExpression.FSharp.Core\MyExpression.FSharp.Core.fsproj", "{C6FA4CAD-147D-4A47-B568-4BDD302BA62C}"
EndProject
Project("{F2A71F9B-5D33-465A-A702-920D77279786}") = "MyExpression.FSharp.Console", "MyExpression.FSharp.Console\MyExpression.FSharp.Console.fsproj", "{3C339131-35A8-4432-B964-FABC703AC583}"
EndProject
Project("{FAE04EC0-301F-11D3-BF4B-00C04F79EFBC}") = "MyExpression.FSharp.CSharpWrapper", "MyExpression.FSharp.CSharpWrapper\MyExpression.FSharp.CSharpWrapper.csproj", "{5A79BCA9-07EF-4ED4-A3B4-A2A4FFE65663}"
EndProject
Project("{FAE04EC0-301F-11D3-BF4B-00C04F79EFBC}") = "MyExpression.Core.Tests.FSharp", "MyExpression.Core.Tests.FSharp\MyExpression.Core.Tests.FSharp.csproj", "{E81B05A9-5035-41A8-B2D2-EAF85DDB20BC}"
EndProject
Project("{F2A71F9B-5D33-465A-A702-920D77279786}") = "MyExpression.FSharp.FParsec", "MyExpression.FSharp.FParsec\MyExpression.FSharp.FParsec.fsproj", "{05726267-19F9-4DFB-BD99-7B85409160A9}"
EndProject
Global
	GlobalSection(SolutionConfigurationPlatforms) = preSolution
		Debug|Any CPU = Debug|Any CPU
		Release|Any CPU = Release|Any CPU
	EndGlobalSection
	GlobalSection(ProjectConfigurationPlatforms) = postSolution
		{C71DB3A3-E50D-49C5-B08F-64C458FD4FCC}.Debug|Any CPU.ActiveCfg = Debug|Any CPU
		{C71DB3A3-E50D-49C5-B08F-64C458FD4FCC}.Debug|Any CPU.Build.0 = Debug|Any CPU
		{C71DB3A3-E50D-49C5-B08F-64C458FD4FCC}.Release|Any CPU.ActiveCfg = Release|Any CPU
		{C71DB3A3-E50D-49C5-B08F-64C458FD4FCC}.Release|Any CPU.Build.0 = Release|Any CPU
		{114B27C1-EF3B-475D-BD0C-6EEEDF3C6685}.Debug|Any CPU.ActiveCfg = Debug|Any CPU
		{114B27C1-EF3B-475D-BD0C-6EEEDF3C6685}.Debug|Any CPU.Build.0 = Debug|Any CPU
		{114B27C1-EF3B-475D-BD0C-6EEEDF3C6685}.Release|Any CPU.ActiveCfg = Release|Any CPU
		{114B27C1-EF3B-475D-BD0C-6EEEDF3C6685}.Release|Any CPU.Build.0 = Release|Any CPU
		{5D4ABA1B-FDCE-4137-974B-C704EE00B435}.Debug|Any CPU.ActiveCfg = Debug|Any CPU
		{5D4ABA1B-FDCE-4137-974B-C704EE00B435}.Debug|Any CPU.Build.0 = Debug|Any CPU
		{5D4ABA1B-FDCE-4137-974B-C704EE00B435}.Release|Any CPU.ActiveCfg = Release|Any CPU
		{5D4ABA1B-FDCE-4137-974B-C704EE00B435}.Release|Any CPU.Build.0 = Release|Any CPU
		{64736F26-F5DE-4F3A-B58A-CCCC88151CD0}.Debug|Any CPU.ActiveCfg = Debug|Any CPU
		{64736F26-F5DE-4F3A-B58A-CCCC88151CD0}.Debug|Any CPU.Build.0 = Debug|Any CPU
		{64736F26-F5DE-4F3A-B58A-CCCC88151CD0}.Release|Any CPU.ActiveCfg = Release|Any CPU
		{64736F26-F5DE-4F3A-B58A-CCCC88151CD0}.Release|Any CPU.Build.0 = Release|Any CPU
		{C6FA4CAD-147D-4A47-B568-4BDD302BA62C}.Debug|Any CPU.ActiveCfg = Debug|Any CPU
		{C6FA4CAD-147D-4A47-B568-4BDD302BA62C}.Debug|Any CPU.Build.0 = Debug|Any CPU
		{C6FA4CAD-147D-4A47-B568-4BDD302BA62C}.Release|Any CPU.ActiveCfg = Release|Any CPU
		{C6FA4CAD-147D-4A47-B568-4BDD302BA62C}.Release|Any CPU.Build.0 = Release|Any CPU
		{3C339131-35A8-4432-B964-FABC703AC583}.Debug|Any CPU.ActiveCfg = Debug|Any CPU
		{3C339131-35A8-4432-B964-FABC703AC583}.Debug|Any CPU.Build.0 = Debug|Any CPU
		{3C339131-35A8-4432-B964-FABC703AC583}.Release|Any CPU.ActiveCfg = Release|Any CPU
		{3C339131-35A8-4432-B964-FABC703AC583}.Release|Any CPU.Build.0 = Release|Any CPU
		{5A79BCA9-07EF-4ED4-A3B4-A2A4FFE65663}.Debug|Any CPU.ActiveCfg = Debug|Any CPU
		{5A79BCA9-07EF-4ED4-A3B4-A2A4FFE65663}.Debug|Any CPU.Build.0 = Debug|Any CPU
		{5A79BCA9-07EF-4ED4-A3B4-A2A4FFE65663}.Release|Any CPU.ActiveCfg = Release|Any CPU
		{5A79BCA9-07EF-4ED4-A3B4-A2A4FFE65663}.Release|Any CPU.Build.0 = Release|Any CPU
		{E81B05A9-5035-41A8-B2D2-EAF85DDB20BC}.Debug|Any CPU.ActiveCfg = Debug|Any CPU
		{E81B05A9-5035-41A8-B2D2-EAF85DDB20BC}.Debug|Any CPU.Build.0 = Debug|Any CPU
		{E81B05A9-5035-41A8-B2D2-EAF85DDB20BC}.Release|Any CPU.ActiveCfg = Release|Any CPU
		{E81B05A9-5035-41A8-B2D2-EAF85DDB20BC}.Release|Any CPU.Build.0 = Release|Any CPU
		{05726267-19F9-4DFB-BD99-7B85409160A9}.Debug|Any CPU.ActiveCfg = Debug|Any CPU
		{05726267-19F9-4DFB-BD99-7B85409160A9}.Debug|Any CPU.Build.0 = Debug|Any CPU
		{05726267-19F9-4DFB-BD99-7B85409160A9}.Release|Any CPU.ActiveCfg = Release|Any CPU
		{05726267-19F9-4DFB-BD99-7B85409160A9}.Release|Any CPU.Build.0 = Release|Any CPU
	EndGlobalSection
EndGlobal
