
Microsoft Visual Studio Solution File, Format Version 12.00
# Visual Studio 15
VisualStudioVersion = 15.0.27004.2010
MinimumVisualStudioVersion = 10.0.40219.1
Project("{FAE04EC0-301F-11D3-BF4B-00C04F79EFBC}") = "MyExpression.Core", "MyExpression.Core\MyExpression.Core.csproj", "{B53AD36C-1482-4D56-9601-33AB1CE095BE}"
EndProject
Project("{FAE04EC0-301F-11D3-BF4B-00C04F79EFBC}") = "MyExpression.Console", "MyExpression.Console\MyExpression.Console.csproj", "{C53E7625-7676-4401-BAFF-C29F61B4AB05}"
EndProject
Project("{FAE04EC0-301F-11D3-BF4B-00C04F79EFBC}") = "MyExpression.Core.Tests", "MyExpression.Core.Tests\MyExpression.Core.Tests.csproj", "{82F10FB7-81D9-4DD1-9B26-F36B084FD282}"
EndProject
Global
	GlobalSection(SolutionConfigurationPlatforms) = preSolution
		Debug|Any CPU = Debug|Any CPU
		Release|Any CPU = Release|Any CPU
	EndGlobalSection
	GlobalSection(ProjectConfigurationPlatforms) = postSolution
		{B53AD36C-1482-4D56-9601-33AB1CE095BE}.Debug|Any CPU.ActiveCfg = Debug|Any CPU
		{B53AD36C-1482-4D56-9601-33AB1CE095BE}.Debug|Any CPU.Build.0 = Debug|Any CPU
		{B53AD36C-1482-4D56-9601-33AB1CE095BE}.Release|Any CPU.ActiveCfg = Release|Any CPU
		{B53AD36C-1482-4D56-9601-33AB1CE095BE}.Release|Any CPU.Build.0 = Release|Any CPU
		{C53E7625-7676-4401-BAFF-C29F61B4AB05}.Debug|Any CPU.ActiveCfg = Debug|Any CPU
		{C53E7625-7676-4401-BAFF-C29F61B4AB05}.Debug|Any CPU.Build.0 = Debug|Any CPU
		{C53E7625-7676-4401-BAFF-C29F61B4AB05}.Release|Any CPU.ActiveCfg = Release|Any CPU
		{C53E7625-7676-4401-BAFF-C29F61B4AB05}.Release|Any CPU.Build.0 = Release|Any CPU
		{82F10FB7-81D9-4DD1-9B26-F36B084FD282}.Debug|Any CPU.ActiveCfg = Debug|Any CPU
		{82F10FB7-81D9-4DD1-9B26-F36B084FD282}.Debug|Any CPU.Build.0 = Debug|Any CPU
		{82F10FB7-81D9-4DD1-9B26-F36B084FD282}.Release|Any CPU.ActiveCfg = Release|Any CPU
		{82F10FB7-81D9-4DD1-9B26-F36B084FD282}.Release|Any CPU.Build.0 = Release|Any CPU
	EndGlobalSection
	GlobalSection(SolutionProperties) = preSolution
		HideSolutionNode = FALSE
	EndGlobalSection
	GlobalSection(ExtensibilityGlobals) = postSolution
		SolutionGuid = {10B3B3C0-D21C-4ABA-B7FC-95209DC81E75}
	EndGlobalSection
EndGlobal
